
Microsoft Visual Studio Solution File, Format Version 12.00
# Visual Studio Version 16
VisualStudioVersion = 16.0.31105.61
MinimumVisualStudioVersion = 10.0.40219.1
Project("{F184B08F-C81C-45F6-A57F-5ABD9991F28F}") = "Program za printanje svjedodžbi", "Program za printanje svjedodžbi.vbproj", "{E611DDF0-F513-4A96-9627-EFF8DF9E8273}"
EndProject
Global
	GlobalSection(SolutionConfigurationPlatforms) = preSolution
		Debug|Any CPU = Debug|Any CPU
		Release|Any CPU = Release|Any CPU
	EndGlobalSection
	GlobalSection(ProjectConfigurationPlatforms) = postSolution
		{E611DDF0-F513-4A96-9627-EFF8DF9E8273}.Debug|Any CPU.ActiveCfg = Debug|Any CPU
		{E611DDF0-F513-4A96-9627-EFF8DF9E8273}.Debug|Any CPU.Build.0 = Debug|Any CPU
		{E611DDF0-F513-4A96-9627-EFF8DF9E8273}.Release|Any CPU.ActiveCfg = Release|Any CPU
		{E611DDF0-F513-4A96-9627-EFF8DF9E8273}.Release|Any CPU.Build.0 = Release|Any CPU
	EndGlobalSection
	GlobalSection(SolutionProperties) = preSolution
		HideSolutionNode = FALSE
	EndGlobalSection
	GlobalSection(ExtensibilityGlobals) = postSolution
		SolutionGuid = {B5D910A8-BB03-4FAA-B345-FD1C921E47EB}
	EndGlobalSection
EndGlobal
